// !$*UTF8*$!
{
	archiveVersion = 1;
	classes = {
	};
	objectVersion = 56;
	objects = {

/* Begin PBXBuildFile section */
		182A655A2A67BC550046673F /* Weather.swift in Sources */ = {isa = PBXBuildFile; fileRef = 182A65592A67BC550046673F /* Weather.swift */; };
		182A655C2A67BDE30046673F /* MainView.swift in Sources */ = {isa = PBXBuildFile; fileRef = 182A655B2A67BDE30046673F /* MainView.swift */; };
		182CE3A12A69301000B1F675 /* Test.swift in Sources */ = {isa = PBXBuildFile; fileRef = 182CE3A02A69301000B1F675 /* Test.swift */; };
		182F6E332A6E4E030040B02C /* LocationTest.swift in Sources */ = {isa = PBXBuildFile; fileRef = 182F6E322A6E4E030040B02C /* LocationTest.swift */; };
		18457A322A6E646D00E03039 /* FetchLatitudeandLongitude.swift in Sources */ = {isa = PBXBuildFile; fileRef = 18457A312A6E646D00E03039 /* FetchLatitudeandLongitude.swift */; };
		188775FE2A63C45F00F26127 /* tian_qiApp.swift in Sources */ = {isa = PBXBuildFile; fileRef = 188775FD2A63C45F00F26127 /* tian_qiApp.swift */; };
		188776002A63C45F00F26127 /* ContentView.swift in Sources */ = {isa = PBXBuildFile; fileRef = 188775FF2A63C45F00F26127 /* ContentView.swift */; };
		188776022A63C46000F26127 /* Assets.xcassets in Resources */ = {isa = PBXBuildFile; fileRef = 188776012A63C46000F26127 /* Assets.xcassets */; };
		188776052A63C46000F26127 /* Preview Assets.xcassets in Resources */ = {isa = PBXBuildFile; fileRef = 188776042A63C46000F26127 /* Preview Assets.xcassets */; };
		188776152A63C46000F26127 /* tian_qiTests.swift in Sources */ = {isa = PBXBuildFile; fileRef = 188776142A63C46000F26127 /* tian_qiTests.swift */; };
		1887761F2A63C46000F26127 /* tian_qiUITests.swift in Sources */ = {isa = PBXBuildFile; fileRef = 1887761E2A63C46000F26127 /* tian_qiUITests.swift */; };
		188776212A63C46000F26127 /* tian_qiUITestsLaunchTests.swift in Sources */ = {isa = PBXBuildFile; fileRef = 188776202A63C46000F26127 /* tian_qiUITestsLaunchTests.swift */; };
		188C14132A69375300FC01B5 /* Detail.swift in Sources */ = {isa = PBXBuildFile; fileRef = 188C14122A69375300FC01B5 /* Detail.swift */; };
		188C14152A693C5E00FC01B5 /* Row.swift in Sources */ = {isa = PBXBuildFile; fileRef = 188C14142A693C5E00FC01B5 /* Row.swift */; };
		18C3C3682A66CB1F00319141 /* DataModel.swift in Sources */ = {isa = PBXBuildFile; fileRef = 18C3C3672A66CB1F00319141 /* DataModel.swift */; };
		18EC150D2A6A2B9E00E8316C /* ViewLocation.swift in Sources */ = {isa = PBXBuildFile; fileRef = 18EC150C2A6A2B9E00E8316C /* ViewLocation.swift */; };
/* End PBXBuildFile section */

/* Begin PBXContainerItemProxy section */
		188776112A63C46000F26127 /* PBXContainerItemProxy */ = {
			isa = PBXContainerItemProxy;
			containerPortal = 188775F22A63C45F00F26127 /* Project object */;
			proxyType = 1;
			remoteGlobalIDString = 188775F92A63C45F00F26127;
			remoteInfo = "tian qi";
		};
		1887761B2A63C46000F26127 /* PBXContainerItemProxy */ = {
			isa = PBXContainerItemProxy;
			containerPortal = 188775F22A63C45F00F26127 /* Project object */;
			proxyType = 1;
			remoteGlobalIDString = 188775F92A63C45F00F26127;
			remoteInfo = "tian qi";
		};
/* End PBXContainerItemProxy section */

/* Begin PBXFileReference section */
		182A65592A67BC550046673F /* Weather.swift */ = {isa = PBXFileReference; lastKnownFileType = sourcecode.swift; path = Weather.swift; sourceTree = "<group>"; };
		182A655B2A67BDE30046673F /* MainView.swift */ = {isa = PBXFileReference; lastKnownFileType = sourcecode.swift; path = MainView.swift; sourceTree = "<group>"; };
		182CE3A02A69301000B1F675 /* Test.swift */ = {isa = PBXFileReference; lastKnownFileType = sourcecode.swift; path = Test.swift; sourceTree = "<group>"; };
		182F6E322A6E4E030040B02C /* LocationTest.swift */ = {isa = PBXFileReference; lastKnownFileType = sourcecode.swift; path = LocationTest.swift; sourceTree = "<group>"; };
		18457A312A6E646D00E03039 /* FetchLatitudeandLongitude.swift */ = {isa = PBXFileReference; lastKnownFileType = sourcecode.swift; path = FetchLatitudeandLongitude.swift; sourceTree = "<group>"; };
		188775FA2A63C45F00F26127 /* tian qi.app */ = {isa = PBXFileReference; explicitFileType = wrapper.application; includeInIndex = 0; path = "tian qi.app"; sourceTree = BUILT_PRODUCTS_DIR; };
		188775FD2A63C45F00F26127 /* tian_qiApp.swift */ = {isa = PBXFileReference; lastKnownFileType = sourcecode.swift; path = tian_qiApp.swift; sourceTree = "<group>"; };
		188775FF2A63C45F00F26127 /* ContentView.swift */ = {isa = PBXFileReference; lastKnownFileType = sourcecode.swift; path = ContentView.swift; sourceTree = "<group>"; };
		188776012A63C46000F26127 /* Assets.xcassets */ = {isa = PBXFileReference; lastKnownFileType = folder.assetcatalog; path = Assets.xcassets; sourceTree = "<group>"; };
		188776042A63C46000F26127 /* Preview Assets.xcassets */ = {isa = PBXFileReference; lastKnownFileType = folder.assetcatalog; path = "Preview Assets.xcassets"; sourceTree = "<group>"; };
		188776102A63C46000F26127 /* tian qiTests.xctest */ = {isa = PBXFileReference; explicitFileType = wrapper.cfbundle; includeInIndex = 0; path = "tian qiTests.xctest"; sourceTree = BUILT_PRODUCTS_DIR; };
		188776142A63C46000F26127 /* tian_qiTests.swift */ = {isa = PBXFileReference; lastKnownFileType = sourcecode.swift; path = tian_qiTests.swift; sourceTree = "<group>"; };
		1887761A2A63C46000F26127 /* tian qiUITests.xctest */ = {isa = PBXFileReference; explicitFileType = wrapper.cfbundle; includeInIndex = 0; path = "tian qiUITests.xctest"; sourceTree = BUILT_PRODUCTS_DIR; };
		1887761E2A63C46000F26127 /* tian_qiUITests.swift */ = {isa = PBXFileReference; lastKnownFileType = sourcecode.swift; path = tian_qiUITests.swift; sourceTree = "<group>"; };
		188776202A63C46000F26127 /* tian_qiUITestsLaunchTests.swift */ = {isa = PBXFileReference; lastKnownFileType = sourcecode.swift; path = tian_qiUITestsLaunchTests.swift; sourceTree = "<group>"; };
		188C14122A69375300FC01B5 /* Detail.swift */ = {isa = PBXFileReference; lastKnownFileType = sourcecode.swift; path = Detail.swift; sourceTree = "<group>"; };
		188C14142A693C5E00FC01B5 /* Row.swift */ = {isa = PBXFileReference; lastKnownFileType = sourcecode.swift; path = Row.swift; sourceTree = "<group>"; };
		18C3C3672A66CB1F00319141 /* DataModel.swift */ = {isa = PBXFileReference; lastKnownFileType = sourcecode.swift; path = DataModel.swift; sourceTree = "<group>"; };
		18EC150C2A6A2B9E00E8316C /* ViewLocation.swift */ = {isa = PBXFileReference; lastKnownFileType = sourcecode.swift; path = ViewLocation.swift; sourceTree = "<group>"; };
/* End PBXFileReference section */

/* Begin PBXFrameworksBuildPhase section */
		188775F72A63C45F00F26127 /* Frameworks */ = {
			isa = PBXFrameworksBuildPhase;
			buildActionMask = 2147483647;
			files = (
			);
			runOnlyForDeploymentPostprocessing = 0;
		};
		1887760D2A63C46000F26127 /* Frameworks */ = {
			isa = PBXFrameworksBuildPhase;
			buildActionMask = 2147483647;
			files = (
			);
			runOnlyForDeploymentPostprocessing = 0;
		};
		188776172A63C46000F26127 /* Frameworks */ = {
			isa = PBXFrameworksBuildPhase;
			buildActionMask = 2147483647;
			files = (
			);
			runOnlyForDeploymentPostprocessing = 0;
		};
/* End PBXFrameworksBuildPhase section */

/* Begin PBXGroup section */
		188775F12A63C45F00F26127 = {
			isa = PBXGroup;
			children = (
				188775FC2A63C45F00F26127 /* tian qi */,
				188776132A63C46000F26127 /* tian qiTests */,
				1887761D2A63C46000F26127 /* tian qiUITests */,
				188775FB2A63C45F00F26127 /* Products */,
			);
			sourceTree = "<group>";
		};
		188775FB2A63C45F00F26127 /* Products */ = {
			isa = PBXGroup;
			children = (
				188775FA2A63C45F00F26127 /* tian qi.app */,
				188776102A63C46000F26127 /* tian qiTests.xctest */,
				1887761A2A63C46000F26127 /* tian qiUITests.xctest */,
			);
			name = Products;
			sourceTree = "<group>";
		};
		188775FC2A63C45F00F26127 /* tian qi */ = {
			isa = PBXGroup;
			children = (
				188775FD2A63C45F00F26127 /* tian_qiApp.swift */,
				188775FF2A63C45F00F26127 /* ContentView.swift */,
				182A655B2A67BDE30046673F /* MainView.swift */,
				18457A312A6E646D00E03039 /* FetchLatitudeandLongitude.swift */,
				182F6E322A6E4E030040B02C /* LocationTest.swift */,
				18EC150C2A6A2B9E00E8316C /* ViewLocation.swift */,
				188C14122A69375300FC01B5 /* Detail.swift */,
				182CE3A02A69301000B1F675 /* Test.swift */,
				188C14142A693C5E00FC01B5 /* Row.swift */,
				188776012A63C46000F26127 /* Assets.xcassets */,
				18C3C3672A66CB1F00319141 /* DataModel.swift */,
				182A65592A67BC550046673F /* Weather.swift */,
				188776032A63C46000F26127 /* Preview Content */,
			);
			path = "tian qi";
			sourceTree = "<group>";
		};
		188776032A63C46000F26127 /* Preview Content */ = {
			isa = PBXGroup;
			children = (
				188776042A63C46000F26127 /* Preview Assets.xcassets */,
			);
			path = "Preview Content";
			sourceTree = "<group>";
		};
		188776132A63C46000F26127 /* tian qiTests */ = {
			isa = PBXGroup;
			children = (
				188776142A63C46000F26127 /* tian_qiTests.swift */,
			);
			path = "tian qiTests";
			sourceTree = "<group>";
		};
		1887761D2A63C46000F26127 /* tian qiUITests */ = {
			isa = PBXGroup;
			children = (
				1887761E2A63C46000F26127 /* tian_qiUITests.swift */,
				188776202A63C46000F26127 /* tian_qiUITestsLaunchTests.swift */,
			);
			path = "tian qiUITests";
			sourceTree = "<group>";
		};
/* End PBXGroup section */

/* Begin PBXNativeTarget section */
		188775F92A63C45F00F26127 /* tian qi */ = {
			isa = PBXNativeTarget;
			buildConfigurationList = 188776242A63C46000F26127 /* Build configuration list for PBXNativeTarget "tian qi" */;
			buildPhases = (
				188775F62A63C45F00F26127 /* Sources */,
				188775F72A63C45F00F26127 /* Frameworks */,
				188775F82A63C45F00F26127 /* Resources */,
			);
			buildRules = (
			);
			dependencies = (
			);
			name = "tian qi";
			productName = "tian qi";
			productReference = 188775FA2A63C45F00F26127 /* tian qi.app */;
			productType = "com.apple.product-type.application";
		};
		1887760F2A63C46000F26127 /* tian qiTests */ = {
			isa = PBXNativeTarget;
			buildConfigurationList = 188776272A63C46000F26127 /* Build configuration list for PBXNativeTarget "tian qiTests" */;
			buildPhases = (
				1887760C2A63C46000F26127 /* Sources */,
				1887760D2A63C46000F26127 /* Frameworks */,
				1887760E2A63C46000F26127 /* Resources */,
			);
			buildRules = (
			);
			dependencies = (
				188776122A63C46000F26127 /* PBXTargetDependency */,
			);
			name = "tian qiTests";
			productName = "tian qiTests";
			productReference = 188776102A63C46000F26127 /* tian qiTests.xctest */;
			productType = "com.apple.product-type.bundle.unit-test";
		};
		188776192A63C46000F26127 /* tian qiUITests */ = {
			isa = PBXNativeTarget;
			buildConfigurationList = 1887762A2A63C46000F26127 /* Build configuration list for PBXNativeTarget "tian qiUITests" */;
			buildPhases = (
				188776162A63C46000F26127 /* Sources */,
				188776172A63C46000F26127 /* Frameworks */,
				188776182A63C46000F26127 /* Resources */,
			);
			buildRules = (
			);
			dependencies = (
				1887761C2A63C46000F26127 /* PBXTargetDependency */,
			);
			name = "tian qiUITests";
			productName = "tian qiUITests";
			productReference = 1887761A2A63C46000F26127 /* tian qiUITests.xctest */;
			productType = "com.apple.product-type.bundle.ui-testing";
		};
/* End PBXNativeTarget section */

/* Begin PBXProject section */
		188775F22A63C45F00F26127 /* Project object */ = {
			isa = PBXProject;
			attributes = {
				BuildIndependentTargetsInParallel = 1;
				LastSwiftUpdateCheck = 1430;
				LastUpgradeCheck = 1430;
				TargetAttributes = {
					188775F92A63C45F00F26127 = {
						CreatedOnToolsVersion = 14.3.1;
					};
					1887760F2A63C46000F26127 = {
						CreatedOnToolsVersion = 14.3.1;
						TestTargetID = 188775F92A63C45F00F26127;
					};
					188776192A63C46000F26127 = {
						CreatedOnToolsVersion = 14.3.1;
						TestTargetID = 188775F92A63C45F00F26127;
					};
				};
			};
			buildConfigurationList = 188775F52A63C45F00F26127 /* Build configuration list for PBXProject "tian qi" */;
			compatibilityVersion = "Xcode 14.0";
			developmentRegion = en;
			hasScannedForEncodings = 0;
			knownRegions = (
				en,
				Base,
			);
			mainGroup = 188775F12A63C45F00F26127;
			productRefGroup = 188775FB2A63C45F00F26127 /* Products */;
			projectDirPath = "";
			projectRoot = "";
			targets = (
				188775F92A63C45F00F26127 /* tian qi */,
				1887760F2A63C46000F26127 /* tian qiTests */,
				188776192A63C46000F26127 /* tian qiUITests */,
			);
		};
/* End PBXProject section */

/* Begin PBXResourcesBuildPhase section */
		188775F82A63C45F00F26127 /* Resources */ = {
			isa = PBXResourcesBuildPhase;
			buildActionMask = 2147483647;
			files = (
				188776052A63C46000F26127 /* Preview Assets.xcassets in Resources */,
				188776022A63C46000F26127 /* Assets.xcassets in Resources */,
			);
			runOnlyForDeploymentPostprocessing = 0;
		};
		1887760E2A63C46000F26127 /* Resources */ = {
			isa = PBXResourcesBuildPhase;
			buildActionMask = 2147483647;
			files = (
			);
			runOnlyForDeploymentPostprocessing = 0;
		};
		188776182A63C46000F26127 /* Resources */ = {
			isa = PBXResourcesBuildPhase;
			buildActionMask = 2147483647;
			files = (
			);
			runOnlyForDeploymentPostprocessing = 0;
		};
/* End PBXResourcesBuildPhase section */

/* Begin PBXSourcesBuildPhase section */
		188775F62A63C45F00F26127 /* Sources */ = {
			isa = PBXSourcesBuildPhase;
			buildActionMask = 2147483647;
			files = (
				182A655A2A67BC550046673F /* Weather.swift in Sources */,
				188C14132A69375300FC01B5 /* Detail.swift in Sources */,
				18EC150D2A6A2B9E00E8316C /* ViewLocation.swift in Sources */,
				18C3C3682A66CB1F00319141 /* DataModel.swift in Sources */,
				188776002A63C45F00F26127 /* ContentView.swift in Sources */,
				188C14152A693C5E00FC01B5 /* Row.swift in Sources */,
				182A655C2A67BDE30046673F /* MainView.swift in Sources */,
				18457A322A6E646D00E03039 /* FetchLatitudeandLongitude.swift in Sources */,
				188775FE2A63C45F00F26127 /* tian_qiApp.swift in Sources */,
				182F6E332A6E4E030040B02C /* LocationTest.swift in Sources */,
				182CE3A12A69301000B1F675 /* Test.swift in Sources */,
			);
			runOnlyForDeploymentPostprocessing = 0;
		};
		1887760C2A63C46000F26127 /* Sources */ = {
			isa = PBXSourcesBuildPhase;
			buildActionMask = 2147483647;
			files = (
				188776152A63C46000F26127 /* tian_qiTests.swift in Sources */,
			);
			runOnlyForDeploymentPostprocessing = 0;
		};
		188776162A63C46000F26127 /* Sources */ = {
			isa = PBXSourcesBuildPhase;
			buildActionMask = 2147483647;
			files = (
				188776212A63C46000F26127 /* tian_qiUITestsLaunchTests.swift in Sources */,
				1887761F2A63C46000F26127 /* tian_qiUITests.swift in Sources */,
			);
			runOnlyForDeploymentPostprocessing = 0;
		};
/* End PBXSourcesBuildPhase section */

/* Begin PBXTargetDependency section */
		188776122A63C46000F26127 /* PBXTargetDependency */ = {
			isa = PBXTargetDependency;
			target = 188775F92A63C45F00F26127 /* tian qi */;
			targetProxy = 188776112A63C46000F26127 /* PBXContainerItemProxy */;
		};
		1887761C2A63C46000F26127 /* PBXTargetDependency */ = {
			isa = PBXTargetDependency;
			target = 188775F92A63C45F00F26127 /* tian qi */;
			targetProxy = 1887761B2A63C46000F26127 /* PBXContainerItemProxy */;
		};
/* End PBXTargetDependency section */

/* Begin XCBuildConfiguration section */
		188776222A63C46000F26127 /* Debug */ = {
			isa = XCBuildConfiguration;
			buildSettings = {
				ALWAYS_SEARCH_USER_PATHS = NO;
				CLANG_ANALYZER_NONNULL = YES;
				CLANG_ANALYZER_NUMBER_OBJECT_CONVERSION = YES_AGGRESSIVE;
				CLANG_CXX_LANGUAGE_STANDARD = "gnu++20";
				CLANG_ENABLE_MODULES = YES;
				CLANG_ENABLE_OBJC_ARC = YES;
				CLANG_ENABLE_OBJC_WEAK = YES;
				CLANG_WARN_BLOCK_CAPTURE_AUTORELEASING = YES;
				CLANG_WARN_BOOL_CONVERSION = YES;
				CLANG_WARN_COMMA = YES;
				CLANG_WARN_CONSTANT_CONVERSION = YES;
				CLANG_WARN_DEPRECATED_OBJC_IMPLEMENTATIONS = YES;
				CLANG_WARN_DIRECT_OBJC_ISA_USAGE = YES_ERROR;
				CLANG_WARN_DOCUMENTATION_COMMENTS = YES;
				CLANG_WARN_EMPTY_BODY = YES;
				CLANG_WARN_ENUM_CONVERSION = YES;
				CLANG_WARN_INFINITE_RECURSION = YES;
				CLANG_WARN_INT_CONVERSION = YES;
				CLANG_WARN_NON_LITERAL_NULL_CONVERSION = YES;
				CLANG_WARN_OBJC_IMPLICIT_RETAIN_SELF = YES;
				CLANG_WARN_OBJC_LITERAL_CONVERSION = YES;
				CLANG_WARN_OBJC_ROOT_CLASS = YES_ERROR;
				CLANG_WARN_QUOTED_INCLUDE_IN_FRAMEWORK_HEADER = YES;
				CLANG_WARN_RANGE_LOOP_ANALYSIS = YES;
				CLANG_WARN_STRICT_PROTOTYPES = YES;
				CLANG_WARN_SUSPICIOUS_MOVE = YES;
				CLANG_WARN_UNGUARDED_AVAILABILITY = YES_AGGRESSIVE;
				CLANG_WARN_UNREACHABLE_CODE = YES;
				CLANG_WARN__DUPLICATE_METHOD_MATCH = YES;
				COPY_PHASE_STRIP = NO;
				DEBUG_INFORMATION_FORMAT = dwarf;
				ENABLE_STRICT_OBJC_MSGSEND = YES;
				ENABLE_TESTABILITY = YES;
				GCC_C_LANGUAGE_STANDARD = gnu11;
				GCC_DYNAMIC_NO_PIC = NO;
				GCC_NO_COMMON_BLOCKS = YES;
				GCC_OPTIMIZATION_LEVEL = 0;
				GCC_PREPROCESSOR_DEFINITIONS = (
					"DEBUG=1",
					"$(inherited)",
				);
				GCC_WARN_64_TO_32_BIT_CONVERSION = YES;
				GCC_WARN_ABOUT_RETURN_TYPE = YES_ERROR;
				GCC_WARN_UNDECLARED_SELECTOR = YES;
				GCC_WARN_UNINITIALIZED_AUTOS = YES_AGGRESSIVE;
				GCC_WARN_UNUSED_FUNCTION = YES;
				GCC_WARN_UNUSED_VARIABLE = YES;
				IPHONEOS_DEPLOYMENT_TARGET = 16.4;
				MTL_ENABLE_DEBUG_INFO = INCLUDE_SOURCE;
				MTL_FAST_MATH = YES;
				ONLY_ACTIVE_ARCH = YES;
				SDKROOT = iphoneos;
				SWIFT_ACTIVE_COMPILATION_CONDITIONS = DEBUG;
				SWIFT_OPTIMIZATION_LEVEL = "-Onone";
			};
			name = Debug;
		};
		188776232A63C46000F26127 /* Release */ = {
			isa = XCBuildConfiguration;
			buildSettings = {
				ALWAYS_SEARCH_USER_PATHS = NO;
				CLANG_ANALYZER_NONNULL = YES;
				CLANG_ANALYZER_NUMBER_OBJECT_CONVERSION = YES_AGGRESSIVE;
				CLANG_CXX_LANGUAGE_STANDARD = "gnu++20";
				CLANG_ENABLE_MODULES = YES;
				CLANG_ENABLE_OBJC_ARC = YES;
				CLANG_ENABLE_OBJC_WEAK = YES;
				CLANG_WARN_BLOCK_CAPTURE_AUTORELEASING = YES;
				CLANG_WARN_BOOL_CONVERSION = YES;
				CLANG_WARN_COMMA = YES;
				CLANG_WARN_CONSTANT_CONVERSION = YES;
				CLANG_WARN_DEPRECATED_OBJC_IMPLEMENTATIONS = YES;
				CLANG_WARN_DIRECT_OBJC_ISA_USAGE = YES_ERROR;
				CLANG_WARN_DOCUMENTATION_COMMENTS = YES;
				CLANG_WARN_EMPTY_BODY = YES;
				CLANG_WARN_ENUM_CONVERSION = YES;
				CLANG_WARN_INFINITE_RECURSION = YES;
				CLANG_WARN_INT_CONVERSION = YES;
				CLANG_WARN_NON_LITERAL_NULL_CONVERSION = YES;
				CLANG_WARN_OBJC_IMPLICIT_RETAIN_SELF = YES;
				CLANG_WARN_OBJC_LITERAL_CONVERSION = YES;
				CLANG_WARN_OBJC_ROOT_CLASS = YES_ERROR;
				CLANG_WARN_QUOTED_INCLUDE_IN_FRAMEWORK_HEADER = YES;
				CLANG_WARN_RANGE_LOOP_ANALYSIS = YES;
				CLANG_WARN_STRICT_PROTOTYPES = YES;
				CLANG_WARN_SUSPICIOUS_MOVE = YES;
				CLANG_WARN_UNGUARDED_AVAILABILITY = YES_AGGRESSIVE;
				CLANG_WARN_UNREACHABLE_CODE = YES;
				CLANG_WARN__DUPLICATE_METHOD_MATCH = YES;
				COPY_PHASE_STRIP = NO;
				DEBUG_INFORMATION_FORMAT = "dwarf-with-dsym";
				ENABLE_NS_ASSERTIONS = NO;
				ENABLE_STRICT_OBJC_MSGSEND = YES;
				GCC_C_LANGUAGE_STANDARD = gnu11;
				GCC_NO_COMMON_BLOCKS = YES;
				GCC_WARN_64_TO_32_BIT_CONVERSION = YES;
				GCC_WARN_ABOUT_RETURN_TYPE = YES_ERROR;
				GCC_WARN_UNDECLARED_SELECTOR = YES;
				GCC_WARN_UNINITIALIZED_AUTOS = YES_AGGRESSIVE;
				GCC_WARN_UNUSED_FUNCTION = YES;
				GCC_WARN_UNUSED_VARIABLE = YES;
				IPHONEOS_DEPLOYMENT_TARGET = 16.4;
				MTL_ENABLE_DEBUG_INFO = NO;
				MTL_FAST_MATH = YES;
				SDKROOT = iphoneos;
				SWIFT_COMPILATION_MODE = wholemodule;
				SWIFT_OPTIMIZATION_LEVEL = "-O";
				VALIDATE_PRODUCT = YES;
			};
			name = Release;
		};
		188776252A63C46000F26127 /* Debug */ = {
			isa = XCBuildConfiguration;
			buildSettings = {
				ASSETCATALOG_COMPILER_APPICON_NAME = AppIcon;
				ASSETCATALOG_COMPILER_GLOBAL_ACCENT_COLOR_NAME = AccentColor;
				CODE_SIGN_STYLE = Automatic;
				CURRENT_PROJECT_VERSION = 1;
				DEVELOPMENT_ASSET_PATHS = "\"tian qi/Preview Content\"";
				DEVELOPMENT_TEAM = J7DG8X424B;
				ENABLE_PREVIEWS = YES;
				GENERATE_INFOPLIST_FILE = YES;
				INFOPLIST_FILE = "tian-qi-Info.plist";
				INFOPLIST_KEY_NSLocationAlwaysAndWhenInUseUsageDescription = "";
				INFOPLIST_KEY_NSLocationAlwaysUsageDescription = "";
				INFOPLIST_KEY_NSLocationUsageDescription = "";
				INFOPLIST_KEY_NSLocationWhenInUseUsageDescription = "";
				INFOPLIST_KEY_UIApplicationSceneManifest_Generation = YES;
				INFOPLIST_KEY_UIApplicationSupportsIndirectInputEvents = YES;
				INFOPLIST_KEY_UILaunchScreen_Generation = YES;
				INFOPLIST_KEY_UISupportedInterfaceOrientations_iPad = "UIInterfaceOrientationPortrait UIInterfaceOrientationPortraitUpsideDown UIInterfaceOrientationLandscapeLeft UIInterfaceOrientationLandscapeRight";
				INFOPLIST_KEY_UISupportedInterfaceOrientations_iPhone = "UIInterfaceOrientationPortrait UIInterfaceOrientationPortrait UIInterfaceOrientationLandscapeLeft";
				LD_RUNPATH_SEARCH_PATHS = (
					"$(inherited)",
					"@executable_path/Frameworks",
				);
				MARKETING_VERSION = 1.0;
				PRODUCT_BUNDLE_IDENTIFIER = "bochain.tian-qi";
				PRODUCT_NAME = "$(TARGET_NAME)";
				SWIFT_EMIT_LOC_STRINGS = YES;
				SWIFT_VERSION = 5.0;
				TARGETED_DEVICE_FAMILY = "1,2";
			};
			name = Debug;
		};
		188776262A63C46000F26127 /* Release */ = {
			isa = XCBuildConfiguration;
			buildSettings = {
				ASSETCATALOG_COMPILER_APPICON_NAME = AppIcon;
				ASSETCATALOG_COMPILER_GLOBAL_ACCENT_COLOR_NAME = AccentColor;
				CODE_SIGN_STYLE = Automatic;
				CURRENT_PROJECT_VERSION = 1;
				DEVELOPMENT_ASSET_PATHS = "\"tian qi/Preview Content\"";
				DEVELOPMENT_TEAM = J7DG8X424B;
				ENABLE_PREVIEWS = YES;
				GENERATE_INFOPLIST_FILE = YES;
				INFOPLIST_FILE = "tian-qi-Info.plist";
				INFOPLIST_KEY_NSLocationAlwaysAndWhenInUseUsageDescription = "";
				INFOPLIST_KEY_NSLocationAlwaysUsageDescription = "";
				INFOPLIST_KEY_NSLocationUsageDescription = "";
				INFOPLIST_KEY_NSLocationWhenInUseUsageDescription = "";
				INFOPLIST_KEY_UIApplicationSceneManifest_Generation = YES;
				INFOPLIST_KEY_UIApplicationSupportsIndirectInputEvents = YES;
				INFOPLIST_KEY_UILaunchScreen_Generation = YES;
				INFOPLIST_KEY_UISupportedInterfaceOrientations_iPad = "UIInterfaceOrientationPortrait UIInterfaceOrientationPortraitUpsideDown UIInterfaceOrientationLandscapeLeft UIInterfaceOrientationLandscapeRight";
				INFOPLIST_KEY_UISupportedInterfaceOrientations_iPhone = "UIInterfaceOrientationPortrait UIInterfaceOrientationPortrait UIInterfaceOrientationLandscapeLeft";
				LD_RUNPATH_SEARCH_PATHS = (
					"$(inherited)",
					"@executable_path/Frameworks",
				);
				MARKETING_VERSION = 1.0;
				PRODUCT_BUNDLE_IDENTIFIER = "bochain.tian-qi";
				PRODUCT_NAME = "$(TARGET_NAME)";
				SWIFT_EMIT_LOC_STRINGS = YES;
				SWIFT_VERSION = 5.0;
				TARGETED_DEVICE_FAMILY = "1,2";
			};
			name = Release;
		};
		188776282A63C46000F26127 /* Debug */ = {
			isa = XCBuildConfiguration;
			buildSettings = {
				ALWAYS_EMBED_SWIFT_STANDARD_LIBRARIES = YES;
				BUNDLE_LOADER = "$(TEST_HOST)";
				CODE_SIGN_STYLE = Automatic;
				CURRENT_PROJECT_VERSION = 1;
				DEVELOPMENT_TEAM = J7DG8X424B;
				GENERATE_INFOPLIST_FILE = YES;
				IPHONEOS_DEPLOYMENT_TARGET = 16.4;
				MARKETING_VERSION = 1.0;
				PRODUCT_BUNDLE_IDENTIFIER = "bochain.tian-qiTests";
				PRODUCT_NAME = "$(TARGET_NAME)";
				SWIFT_EMIT_LOC_STRINGS = NO;
				SWIFT_VERSION = 5.0;
				TARGETED_DEVICE_FAMILY = "1,2";
				TEST_HOST = "$(BUILT_PRODUCTS_DIR)/tian qi.app/$(BUNDLE_EXECUTABLE_FOLDER_PATH)/tian qi";
			};
			name = Debug;
		};
		188776292A63C46000F26127 /* Release */ = {
			isa = XCBuildConfiguration;
			buildSettings = {
				ALWAYS_EMBED_SWIFT_STANDARD_LIBRARIES = YES;
				BUNDLE_LOADER = "$(TEST_HOST)";
				CODE_SIGN_STYLE = Automatic;
				CURRENT_PROJECT_VERSION = 1;
				DEVELOPMENT_TEAM = J7DG8X424B;
				GENERATE_INFOPLIST_FILE = YES;
				IPHONEOS_DEPLOYMENT_TARGET = 16.4;
				MARKETING_VERSION = 1.0;
				PRODUCT_BUNDLE_IDENTIFIER = "bochain.tian-qiTests";
				PRODUCT_NAME = "$(TARGET_NAME)";
				SWIFT_EMIT_LOC_STRINGS = NO;
				SWIFT_VERSION = 5.0;
				TARGETED_DEVICE_FAMILY = "1,2";
				TEST_HOST = "$(BUILT_PRODUCTS_DIR)/tian qi.app/$(BUNDLE_EXECUTABLE_FOLDER_PATH)/tian qi";
			};
			name = Release;
		};
		1887762B2A63C46000F26127 /* Debug */ = {
			isa = XCBuildConfiguration;
			buildSettings = {
				ALWAYS_EMBED_SWIFT_STANDARD_LIBRARIES = YES;
				CODE_SIGN_STYLE = Automatic;
				CURRENT_PROJECT_VERSION = 1;
				DEVELOPMENT_TEAM = J7DG8X424B;
				GENERATE_INFOPLIST_FILE = YES;
				MARKETING_VERSION = 1.0;
				PRODUCT_BUNDLE_IDENTIFIER = "bochain.tian-qiUITests";
				PRODUCT_NAME = "$(TARGET_NAME)";
				SWIFT_EMIT_LOC_STRINGS = NO;
				SWIFT_VERSION = 5.0;
				TARGETED_DEVICE_FAMILY = "1,2";
				TEST_TARGET_NAME = "tian qi";
			};
			name = Debug;
		};
		1887762C2A63C46000F26127 /* Release */ = {
			isa = XCBuildConfiguration;
			buildSettings = {
				ALWAYS_EMBED_SWIFT_STANDARD_LIBRARIES = YES;
				CODE_SIGN_STYLE = Automatic;
				CURRENT_PROJECT_VERSION = 1;
				DEVELOPMENT_TEAM = J7DG8X424B;
				GENERATE_INFOPLIST_FILE = YES;
				MARKETING_VERSION = 1.0;
				PRODUCT_BUNDLE_IDENTIFIER = "bochain.tian-qiUITests";
				PRODUCT_NAME = "$(TARGET_NAME)";
				SWIFT_EMIT_LOC_STRINGS = NO;
				SWIFT_VERSION = 5.0;
				TARGETED_DEVICE_FAMILY = "1,2";
				TEST_TARGET_NAME = "tian qi";
			};
			name = Release;
		};
/* End XCBuildConfiguration section */

/* Begin XCConfigurationList section */
		188775F52A63C45F00F26127 /* Build configuration list for PBXProject "tian qi" */ = {
			isa = XCConfigurationList;
			buildConfigurations = (
				188776222A63C46000F26127 /* Debug */,
				188776232A63C46000F26127 /* Release */,
			);
			defaultConfigurationIsVisible = 0;
			defaultConfigurationName = Release;
		};
		188776242A63C46000F26127 /* Build configuration list for PBXNativeTarget "tian qi" */ = {
			isa = XCConfigurationList;
			buildConfigurations = (
				188776252A63C46000F26127 /* Debug */,
				188776262A63C46000F26127 /* Release */,
			);
			defaultConfigurationIsVisible = 0;
			defaultConfigurationName = Release;
		};
		188776272A63C46000F26127 /* Build configuration list for PBXNativeTarget "tian qiTests" */ = {
			isa = XCConfigurationList;
			buildConfigurations = (
				188776282A63C46000F26127 /* Debug */,
				188776292A63C46000F26127 /* Release */,
			);
			defaultConfigurationIsVisible = 0;
			defaultConfigurationName = Release;
		};
		1887762A2A63C46000F26127 /* Build configuration list for PBXNativeTarget "tian qiUITests" */ = {
			isa = XCConfigurationList;
			buildConfigurations = (
				1887762B2A63C46000F26127 /* Debug */,
				1887762C2A63C46000F26127 /* Release */,
			);
			defaultConfigurationIsVisible = 0;
			defaultConfigurationName = Release;
		};
/* End XCConfigurationList section */
	};
	rootObject = 188775F22A63C45F00F26127 /* Project object */;
}
